
Microsoft Visual Studio Solution File, Format Version 12.00
# Visual Studio 14
VisualStudioVersion = 14.0.25420.1
MinimumVisualStudioVersion = 10.0.40219.1
Project("{FAE04EC0-301F-11D3-BF4B-00C04F79EFBC}") = "HDRNeuralNetwork.DataSource", "HDRNeuralNetwork.DataSource\HDRNeuralNetwork.DataSource.csproj", "{B853B063-1028-4641-9853-7BADEAFD83EB}"
EndProject
Project("{FAE04EC0-301F-11D3-BF4B-00C04F79EFBC}") = "HDRNeuralNetwork.DataSource.Test", "HDRNeuralNetwork.DataSource.Test\HDRNeuralNetwork.DataSource.Test.csproj", "{382E21DB-A922-44F6-B186-26A3176A253B}"
EndProject
Project("{FAE04EC0-301F-11D3-BF4B-00C04F79EFBC}") = "HDRNeuralNetwork.WinApp", "HDRNeuralNetwork.WinApp\HDRNeuralNetwork.WinApp.csproj", "{73C3AD6A-2233-4AE0-89F8-119DBB9CB794}"
EndProject
Project("{FAE04EC0-301F-11D3-BF4B-00C04F79EFBC}") = "HDRNeuralNetwork.Bll", "HDRNeuralNetwork.Bll\HDRNeuralNetwork.Bll.csproj", "{D35B8F0D-9656-4BAA-A8C8-76572FE73283}"
EndProject
Project("{FAE04EC0-301F-11D3-BF4B-00C04F79EFBC}") = "HDRNeuralNetwork.Bll.Test", "HDRNeuralNetwork.Bll.Test\HDRNeuralNetwork.Bll.Test.csproj", "{655A1333-FDBB-4FB9-948D-54F0B975FD83}"
EndProject
Project("{2150E333-8FDC-42A3-9474-1A3956D46DE8}") = "UnitTests", "UnitTests", "{FC66E100-67D6-449F-AB4C-31897B49D93B}"
EndProject
Global
	GlobalSection(SolutionConfigurationPlatforms) = preSolution
		Debug|Any CPU = Debug|Any CPU
		Release|Any CPU = Release|Any CPU
	EndGlobalSection
	GlobalSection(ProjectConfigurationPlatforms) = postSolution
		{B853B063-1028-4641-9853-7BADEAFD83EB}.Debug|Any CPU.ActiveCfg = Debug|Any CPU
		{B853B063-1028-4641-9853-7BADEAFD83EB}.Debug|Any CPU.Build.0 = Debug|Any CPU
		{B853B063-1028-4641-9853-7BADEAFD83EB}.Release|Any CPU.ActiveCfg = Release|Any CPU
		{B853B063-1028-4641-9853-7BADEAFD83EB}.Release|Any CPU.Build.0 = Release|Any CPU
		{382E21DB-A922-44F6-B186-26A3176A253B}.Debug|Any CPU.ActiveCfg = Debug|Any CPU
		{382E21DB-A922-44F6-B186-26A3176A253B}.Debug|Any CPU.Build.0 = Debug|Any CPU
		{382E21DB-A922-44F6-B186-26A3176A253B}.Release|Any CPU.ActiveCfg = Release|Any CPU
		{382E21DB-A922-44F6-B186-26A3176A253B}.Release|Any CPU.Build.0 = Release|Any CPU
		{73C3AD6A-2233-4AE0-89F8-119DBB9CB794}.Debug|Any CPU.ActiveCfg = Debug|Any CPU
		{73C3AD6A-2233-4AE0-89F8-119DBB9CB794}.Debug|Any CPU.Build.0 = Debug|Any CPU
		{73C3AD6A-2233-4AE0-89F8-119DBB9CB794}.Release|Any CPU.ActiveCfg = Release|Any CPU
		{73C3AD6A-2233-4AE0-89F8-119DBB9CB794}.Release|Any CPU.Build.0 = Release|Any CPU
		{D35B8F0D-9656-4BAA-A8C8-76572FE73283}.Debug|Any CPU.ActiveCfg = Debug|Any CPU
		{D35B8F0D-9656-4BAA-A8C8-76572FE73283}.Debug|Any CPU.Build.0 = Debug|Any CPU
		{D35B8F0D-9656-4BAA-A8C8-76572FE73283}.Release|Any CPU.ActiveCfg = Release|Any CPU
		{D35B8F0D-9656-4BAA-A8C8-76572FE73283}.Release|Any CPU.Build.0 = Release|Any CPU
		{655A1333-FDBB-4FB9-948D-54F0B975FD83}.Debug|Any CPU.ActiveCfg = Debug|Any CPU
		{655A1333-FDBB-4FB9-948D-54F0B975FD83}.Debug|Any CPU.Build.0 = Debug|Any CPU
		{655A1333-FDBB-4FB9-948D-54F0B975FD83}.Release|Any CPU.ActiveCfg = Release|Any CPU
		{655A1333-FDBB-4FB9-948D-54F0B975FD83}.Release|Any CPU.Build.0 = Release|Any CPU
	EndGlobalSection
	GlobalSection(SolutionProperties) = preSolution
		HideSolutionNode = FALSE
	EndGlobalSection
	GlobalSection(NestedProjects) = preSolution
		{382E21DB-A922-44F6-B186-26A3176A253B} = {FC66E100-67D6-449F-AB4C-31897B49D93B}
		{655A1333-FDBB-4FB9-948D-54F0B975FD83} = {FC66E100-67D6-449F-AB4C-31897B49D93B}
	EndGlobalSection
EndGlobal
